{
  "name": "bondstats-singapore-hong-kong-capital-migration",
  "version": "1.0.0",
  "lockfileVersion": 3,
  "requires": true,
  "packages": {
    "": {
      "name": "bondstats-singapore-hong-kong-capital-migration",
      "version": "1.0.0",
      "engines": {
        "node": ">=20"
      }
    }
  }
}
